// !$*UTF8*$!
{
	archiveVersion = 1;
	classes = {
	};
	objectVersion = 46;
	objects = {

/* Begin PBXBuildFile section */
		B650ADD61BDFE2B500C8C851 /* AppDelegate.swift in Sources */ = {isa = PBXBuildFile; fileRef = B650ADD51BDFE2B500C8C851 /* AppDelegate.swift */; };
		B650ADDB1BDFE2B500C8C851 /* Main.storyboard in Resources */ = {isa = PBXBuildFile; fileRef = B650ADD91BDFE2B500C8C851 /* Main.storyboard */; };
		B650ADDE1BDFE2B500C8C851 /* iOSHelper.xcdatamodeld in Sources */ = {isa = PBXBuildFile; fileRef = B650ADDC1BDFE2B500C8C851 /* iOSHelper.xcdatamodeld */; };
		B650ADE01BDFE2B500C8C851 /* Assets.xcassets in Resources */ = {isa = PBXBuildFile; fileRef = B650ADDF1BDFE2B500C8C851 /* Assets.xcassets */; };
		B650ADE31BDFE2B500C8C851 /* LaunchScreen.storyboard in Resources */ = {isa = PBXBuildFile; fileRef = B650ADE11BDFE2B500C8C851 /* LaunchScreen.storyboard */; };
		B650AE1A1BDFF5EA00C8C851 /* MyCustomChooser.storyboard in Resources */ = {isa = PBXBuildFile; fileRef = B650AE171BDFF5EA00C8C851 /* MyCustomChooser.storyboard */; };
		B650AE1B1BDFF5EA00C8C851 /* MyCustomChooserViewController.swift in Sources */ = {isa = PBXBuildFile; fileRef = B650AE181BDFF5EA00C8C851 /* MyCustomChooserViewController.swift */; };
		B650AE1C1BDFF5EA00C8C851 /* MyCustomChooserTableViewController.swift in Sources */ = {isa = PBXBuildFile; fileRef = B650AE191BDFF5EA00C8C851 /* MyCustomChooserTableViewController.swift */; };
		B650AE281BDFF66000C8C851 /* UIColor+Util.swift in Sources */ = {isa = PBXBuildFile; fileRef = B650AE1E1BDFF66000C8C851 /* UIColor+Util.swift */; };
		B650AE291BDFF66000C8C851 /* UIFont+Util.swift in Sources */ = {isa = PBXBuildFile; fileRef = B650AE1F1BDFF66000C8C851 /* UIFont+Util.swift */; };
		B650AE2A1BDFF66000C8C851 /* NSDate+Util.swift in Sources */ = {isa = PBXBuildFile; fileRef = B650AE201BDFF66000C8C851 /* NSDate+Util.swift */; };
		B650AE2B1BDFF66000C8C851 /* UIDevice+Util.swift in Sources */ = {isa = PBXBuildFile; fileRef = B650AE211BDFF66000C8C851 /* UIDevice+Util.swift */; };
		B650AE2C1BDFF66000C8C851 /* Array+Util.swift in Sources */ = {isa = PBXBuildFile; fileRef = B650AE221BDFF66000C8C851 /* Array+Util.swift */; };
		B650AE2D1BDFF66000C8C851 /* Dictionary+Util.swift in Sources */ = {isa = PBXBuildFile; fileRef = B650AE231BDFF66000C8C851 /* Dictionary+Util.swift */; };
		B650AE2E1BDFF66000C8C851 /* String+Util.swift in Sources */ = {isa = PBXBuildFile; fileRef = B650AE241BDFF66000C8C851 /* String+Util.swift */; };
		B650AE2F1BDFF66000C8C851 /* UIImage+Util.swift in Sources */ = {isa = PBXBuildFile; fileRef = B650AE251BDFF66000C8C851 /* UIImage+Util.swift */; };
		B650AE301BDFF66000C8C851 /* UIViewController+Util.swift in Sources */ = {isa = PBXBuildFile; fileRef = B650AE261BDFF66000C8C851 /* UIViewController+Util.swift */; };
		B650AE311BDFF66000C8C851 /* UIView+Util.swift in Sources */ = {isa = PBXBuildFile; fileRef = B650AE271BDFF66000C8C851 /* UIView+Util.swift */; };
		B650AE341BDFF6A100C8C851 /* CoreDataStack.swift in Sources */ = {isa = PBXBuildFile; fileRef = B650AE321BDFF6A100C8C851 /* CoreDataStack.swift */; };
		B650AE351BDFF6A100C8C851 /* MyManagedObject.swift in Sources */ = {isa = PBXBuildFile; fileRef = B650AE331BDFF6A100C8C851 /* MyManagedObject.swift */; };
		B650AE391BDFFD2500C8C851 /* MainTableViewController.swift in Sources */ = {isa = PBXBuildFile; fileRef = B650AE381BDFFD2500C8C851 /* MainTableViewController.swift */; };
		B650AE3C1BDFFE1700C8C851 /* Notification.swift in Sources */ = {isa = PBXBuildFile; fileRef = B650AE3A1BDFFE1700C8C851 /* Notification.swift */; };
		B650AE3D1BDFFE1700C8C851 /* Util.swift in Sources */ = {isa = PBXBuildFile; fileRef = B650AE3B1BDFFE1700C8C851 /* Util.swift */; };
		B650AE431BDFFF3F00C8C851 /* MyNavigationController.swift in Sources */ = {isa = PBXBuildFile; fileRef = B650AE3E1BDFFF3F00C8C851 /* MyNavigationController.swift */; };
		B650AE441BDFFF3F00C8C851 /* MyTabBarController.swift in Sources */ = {isa = PBXBuildFile; fileRef = B650AE3F1BDFFF3F00C8C851 /* MyTabBarController.swift */; };
		B650AE451BDFFF3F00C8C851 /* MyTableViewController.swift in Sources */ = {isa = PBXBuildFile; fileRef = B650AE401BDFFF3F00C8C851 /* MyTableViewController.swift */; };
		B650AE461BDFFF3F00C8C851 /* MyViewController.swift in Sources */ = {isa = PBXBuildFile; fileRef = B650AE411BDFFF3F00C8C851 /* MyViewController.swift */; };
		B650AE471BDFFF3F00C8C851 /* MyPageViewController.swift in Sources */ = {isa = PBXBuildFile; fileRef = B650AE421BDFFF3F00C8C851 /* MyPageViewController.swift */; };
		B650AE501BE0072500C8C851 /* UserSettings.swift in Sources */ = {isa = PBXBuildFile; fileRef = B650AE4E1BE0072500C8C851 /* UserSettings.swift */; };
		B6CC80211C9C9C8E003C2350 /* MyAlertManager.swift in Sources */ = {isa = PBXBuildFile; fileRef = B6CC80201C9C9C8E003C2350 /* MyAlertManager.swift */; };
		B6CC80231C9C9D24003C2350 /* MyAlertController.swift in Sources */ = {isa = PBXBuildFile; fileRef = B6CC80221C9C9D24003C2350 /* MyAlertController.swift */; };
		B6CC80251C9C9D32003C2350 /* MyAlertController.storyboard in Resources */ = {isa = PBXBuildFile; fileRef = B6CC80241C9C9D32003C2350 /* MyAlertController.storyboard */; };
		B6E549A61BE7C62A006A413D /* SomeEntity.swift in Sources */ = {isa = PBXBuildFile; fileRef = B6E549A41BE7C62A006A413D /* SomeEntity.swift */; };
/* End PBXBuildFile section */

/* Begin PBXFileReference section */
		B650ADD21BDFE2B500C8C851 /* iOSHelper.app */ = {isa = PBXFileReference; explicitFileType = wrapper.application; includeInIndex = 0; path = iOSHelper.app; sourceTree = BUILT_PRODUCTS_DIR; };
		B650ADD51BDFE2B500C8C851 /* AppDelegate.swift */ = {isa = PBXFileReference; lastKnownFileType = sourcecode.swift; path = AppDelegate.swift; sourceTree = "<group>"; };
		B650ADDA1BDFE2B500C8C851 /* Base */ = {isa = PBXFileReference; lastKnownFileType = file.storyboard; name = Base; path = Base.lproj/Main.storyboard; sourceTree = "<group>"; };
		B650ADDD1BDFE2B500C8C851 /* iOSHelper.xcdatamodel */ = {isa = PBXFileReference; lastKnownFileType = wrapper.xcdatamodel; path = iOSHelper.xcdatamodel; sourceTree = "<group>"; };
		B650ADDF1BDFE2B500C8C851 /* Assets.xcassets */ = {isa = PBXFileReference; lastKnownFileType = folder.assetcatalog; path = Assets.xcassets; sourceTree = "<group>"; };
		B650ADE21BDFE2B500C8C851 /* Base */ = {isa = PBXFileReference; lastKnownFileType = file.storyboard; name = Base; path = Base.lproj/LaunchScreen.storyboard; sourceTree = "<group>"; };
		B650ADE41BDFE2B500C8C851 /* Info.plist */ = {isa = PBXFileReference; lastKnownFileType = text.plist.xml; path = Info.plist; sourceTree = "<group>"; };
		B650ADED1BDFE2B500C8C851 /* iOSHelperTests.swift */ = {isa = PBXFileReference; lastKnownFileType = sourcecode.swift; path = iOSHelperTests.swift; sourceTree = "<group>"; };
		B650ADEF1BDFE2B500C8C851 /* Info.plist */ = {isa = PBXFileReference; lastKnownFileType = text.plist.xml; path = Info.plist; sourceTree = "<group>"; };
		B650ADF81BDFE2B500C8C851 /* iOSHelperUITests.swift */ = {isa = PBXFileReference; lastKnownFileType = sourcecode.swift; path = iOSHelperUITests.swift; sourceTree = "<group>"; };
		B650ADFA1BDFE2B500C8C851 /* Info.plist */ = {isa = PBXFileReference; lastKnownFileType = text.plist.xml; path = Info.plist; sourceTree = "<group>"; };
		B650AE171BDFF5EA00C8C851 /* MyCustomChooser.storyboard */ = {isa = PBXFileReference; fileEncoding = 4; lastKnownFileType = file.storyboard; path = MyCustomChooser.storyboard; sourceTree = "<group>"; };
		B650AE181BDFF5EA00C8C851 /* MyCustomChooserViewController.swift */ = {isa = PBXFileReference; fileEncoding = 4; lastKnownFileType = sourcecode.swift; path = MyCustomChooserViewController.swift; sourceTree = "<group>"; };
		B650AE191BDFF5EA00C8C851 /* MyCustomChooserTableViewController.swift */ = {isa = PBXFileReference; fileEncoding = 4; lastKnownFileType = sourcecode.swift; path = MyCustomChooserTableViewController.swift; sourceTree = "<group>"; };
		B650AE1E1BDFF66000C8C851 /* UIColor+Util.swift */ = {isa = PBXFileReference; fileEncoding = 4; lastKnownFileType = sourcecode.swift; path = "UIColor+Util.swift"; sourceTree = "<group>"; };
		B650AE1F1BDFF66000C8C851 /* UIFont+Util.swift */ = {isa = PBXFileReference; fileEncoding = 4; lastKnownFileType = sourcecode.swift; path = "UIFont+Util.swift"; sourceTree = "<group>"; };
		B650AE201BDFF66000C8C851 /* NSDate+Util.swift */ = {isa = PBXFileReference; fileEncoding = 4; lastKnownFileType = sourcecode.swift; path = "NSDate+Util.swift"; sourceTree = "<group>"; };
		B650AE211BDFF66000C8C851 /* UIDevice+Util.swift */ = {isa = PBXFileReference; fileEncoding = 4; lastKnownFileType = sourcecode.swift; path = "UIDevice+Util.swift"; sourceTree = "<group>"; };
		B650AE221BDFF66000C8C851 /* Array+Util.swift */ = {isa = PBXFileReference; fileEncoding = 4; lastKnownFileType = sourcecode.swift; path = "Array+Util.swift"; sourceTree = "<group>"; };
		B650AE231BDFF66000C8C851 /* Dictionary+Util.swift */ = {isa = PBXFileReference; fileEncoding = 4; lastKnownFileType = sourcecode.swift; path = "Dictionary+Util.swift"; sourceTree = "<group>"; };
		B650AE241BDFF66000C8C851 /* String+Util.swift */ = {isa = PBXFileReference; fileEncoding = 4; lastKnownFileType = sourcecode.swift; path = "String+Util.swift"; sourceTree = "<group>"; };
		B650AE251BDFF66000C8C851 /* UIImage+Util.swift */ = {isa = PBXFileReference; fileEncoding = 4; lastKnownFileType = sourcecode.swift; path = "UIImage+Util.swift"; sourceTree = "<group>"; };
		B650AE261BDFF66000C8C851 /* UIViewController+Util.swift */ = {isa = PBXFileReference; fileEncoding = 4; lastKnownFileType = sourcecode.swift; path = "UIViewController+Util.swift"; sourceTree = "<group>"; };
		B650AE271BDFF66000C8C851 /* UIView+Util.swift */ = {isa = PBXFileReference; fileEncoding = 4; lastKnownFileType = sourcecode.swift; path = "UIView+Util.swift"; sourceTree = "<group>"; };
		B650AE321BDFF6A100C8C851 /* CoreDataStack.swift */ = {isa = PBXFileReference; fileEncoding = 4; lastKnownFileType = sourcecode.swift; path = CoreDataStack.swift; sourceTree = "<group>"; };
		B650AE331BDFF6A100C8C851 /* MyManagedObject.swift */ = {isa = PBXFileReference; fileEncoding = 4; lastKnownFileType = sourcecode.swift; path = MyManagedObject.swift; sourceTree = "<group>"; };
		B650AE381BDFFD2500C8C851 /* MainTableViewController.swift */ = {isa = PBXFileReference; fileEncoding = 4; lastKnownFileType = sourcecode.swift; path = MainTableViewController.swift; sourceTree = "<group>"; };
		B650AE3A1BDFFE1700C8C851 /* Notification.swift */ = {isa = PBXFileReference; fileEncoding = 4; lastKnownFileType = sourcecode.swift; path = Notification.swift; sourceTree = "<group>"; };
		B650AE3B1BDFFE1700C8C851 /* Util.swift */ = {isa = PBXFileReference; fileEncoding = 4; lastKnownFileType = sourcecode.swift; path = Util.swift; sourceTree = "<group>"; };
		B650AE3E1BDFFF3F00C8C851 /* MyNavigationController.swift */ = {isa = PBXFileReference; fileEncoding = 4; lastKnownFileType = sourcecode.swift; path = MyNavigationController.swift; sourceTree = "<group>"; };
		B650AE3F1BDFFF3F00C8C851 /* MyTabBarController.swift */ = {isa = PBXFileReference; fileEncoding = 4; lastKnownFileType = sourcecode.swift; path = MyTabBarController.swift; sourceTree = "<group>"; };
		B650AE401BDFFF3F00C8C851 /* MyTableViewController.swift */ = {isa = PBXFileReference; fileEncoding = 4; lastKnownFileType = sourcecode.swift; path = MyTableViewController.swift; sourceTree = "<group>"; };
		B650AE411BDFFF3F00C8C851 /* MyViewController.swift */ = {isa = PBXFileReference; fileEncoding = 4; lastKnownFileType = sourcecode.swift; path = MyViewController.swift; sourceTree = "<group>"; };
		B650AE421BDFFF3F00C8C851 /* MyPageViewController.swift */ = {isa = PBXFileReference; fileEncoding = 4; lastKnownFileType = sourcecode.swift; path = MyPageViewController.swift; sourceTree = "<group>"; };
		B650AE4E1BE0072500C8C851 /* UserSettings.swift */ = {isa = PBXFileReference; fileEncoding = 4; lastKnownFileType = sourcecode.swift; path = UserSettings.swift; sourceTree = "<group>"; };
		B652BA901C58180800F8AF74 /* iOSHelper 2.xcdatamodel */ = {isa = PBXFileReference; lastKnownFileType = wrapper.xcdatamodel; path = "iOSHelper 2.xcdatamodel"; sourceTree = "<group>"; };
		B699B1C51C5AD2BF00782513 /* iOSHelper 3.xcdatamodel */ = {isa = PBXFileReference; lastKnownFileType = wrapper.xcdatamodel; path = "iOSHelper 3.xcdatamodel"; sourceTree = "<group>"; };
		B6CC80201C9C9C8E003C2350 /* MyAlertManager.swift */ = {isa = PBXFileReference; fileEncoding = 4; lastKnownFileType = sourcecode.swift; path = MyAlertManager.swift; sourceTree = "<group>"; };
		B6CC80221C9C9D24003C2350 /* MyAlertController.swift */ = {isa = PBXFileReference; fileEncoding = 4; lastKnownFileType = sourcecode.swift; path = MyAlertController.swift; sourceTree = "<group>"; };
		B6CC80241C9C9D32003C2350 /* MyAlertController.storyboard */ = {isa = PBXFileReference; fileEncoding = 4; lastKnownFileType = file.storyboard; path = MyAlertController.storyboard; sourceTree = "<group>"; };
		B6E549A41BE7C62A006A413D /* SomeEntity.swift */ = {isa = PBXFileReference; fileEncoding = 4; lastKnownFileType = sourcecode.swift; path = SomeEntity.swift; sourceTree = "<group>"; };
/* End PBXFileReference section */

/* Begin PBXFrameworksBuildPhase section */
		B650ADCF1BDFE2B500C8C851 /* Frameworks */ = {
			isa = PBXFrameworksBuildPhase;
			buildActionMask = 2147483647;
			files = (
			);
			runOnlyForDeploymentPostprocessing = 0;
		};
/* End PBXFrameworksBuildPhase section */

/* Begin PBXGroup section */
		B650ADC91BDFE2B500C8C851 = {
			isa = PBXGroup;
			children = (
				B650ADD41BDFE2B500C8C851 /* iOSHelper */,
				B650ADEC1BDFE2B500C8C851 /* iOSHelperTests */,
				B650ADF71BDFE2B500C8C851 /* iOSHelperUITests */,
				B650ADD31BDFE2B500C8C851 /* Products */,
			);
			sourceTree = "<group>";
		};
		B650ADD31BDFE2B500C8C851 /* Products */ = {
			isa = PBXGroup;
			children = (
				B650ADD21BDFE2B500C8C851 /* iOSHelper.app */,
			);
			name = Products;
			sourceTree = "<group>";
		};
		B650ADD41BDFE2B500C8C851 /* iOSHelper */ = {
			isa = PBXGroup;
			children = (
				B650ADD91BDFE2B500C8C851 /* Main.storyboard */,
				B650AE381BDFFD2500C8C851 /* MainTableViewController.swift */,
				B650ADDF1BDFE2B500C8C851 /* Assets.xcassets */,
				B650ADE11BDFE2B500C8C851 /* LaunchScreen.storyboard */,
				B650AE0B1BDFF56F00C8C851 /* Util */,
				B650ADD51BDFE2B500C8C851 /* AppDelegate.swift */,
				B650ADE41BDFE2B500C8C851 /* Info.plist */,
			);
			path = iOSHelper;
			sourceTree = "<group>";
		};
		B650ADEC1BDFE2B500C8C851 /* iOSHelperTests */ = {
			isa = PBXGroup;
			children = (
				B650ADED1BDFE2B500C8C851 /* iOSHelperTests.swift */,
				B650ADEF1BDFE2B500C8C851 /* Info.plist */,
			);
			path = iOSHelperTests;
			sourceTree = "<group>";
		};
		B650ADF71BDFE2B500C8C851 /* iOSHelperUITests */ = {
			isa = PBXGroup;
			children = (
				B650ADF81BDFE2B500C8C851 /* iOSHelperUITests.swift */,
				B650ADFA1BDFE2B500C8C851 /* Info.plist */,
			);
			path = iOSHelperUITests;
			sourceTree = "<group>";
		};
		B650AE061BDFE2C700C8C851 /* Core Data */ = {
			isa = PBXGroup;
			children = (
				B650ADDC1BDFE2B500C8C851 /* iOSHelper.xcdatamodeld */,
				B650AE321BDFF6A100C8C851 /* CoreDataStack.swift */,
				B650AE331BDFF6A100C8C851 /* MyManagedObject.swift */,
				B650AE4E1BE0072500C8C851 /* UserSettings.swift */,
				B6E549A41BE7C62A006A413D /* SomeEntity.swift */,
			);
			name = "Core Data";
			sourceTree = "<group>";
		};
		B650AE091BDFF11600C8C851 /* My Custom Chooser */ = {
			isa = PBXGroup;
			children = (
				B650AE171BDFF5EA00C8C851 /* MyCustomChooser.storyboard */,
				B650AE181BDFF5EA00C8C851 /* MyCustomChooserViewController.swift */,
				B650AE191BDFF5EA00C8C851 /* MyCustomChooserTableViewController.swift */,
			);
			name = "My Custom Chooser";
			sourceTree = "<group>";
		};
		B650AE0B1BDFF56F00C8C851 /* Util */ = {
			isa = PBXGroup;
			children = (
				B650AE3A1BDFFE1700C8C851 /* Notification.swift */,
				B650AE3B1BDFFE1700C8C851 /* Util.swift */,
				B650AE061BDFE2C700C8C851 /* Core Data */,
				B650AE4C1BE0068F00C8C851 /* Extensions */,
				B650AE091BDFF11600C8C851 /* My Custom Chooser */,
				B650AE0C1BDFF59700C8C851 /* Parent Controllers */,
				B6CC801F1C9C9C61003C2350 /* Alert */,
			);
			name = Util;
			sourceTree = "<group>";
		};
		B650AE0C1BDFF59700C8C851 /* Parent Controllers */ = {
			isa = PBXGroup;
			children = (
				B650AE3E1BDFFF3F00C8C851 /* MyNavigationController.swift */,
				B650AE3F1BDFFF3F00C8C851 /* MyTabBarController.swift */,
				B650AE401BDFFF3F00C8C851 /* MyTableViewController.swift */,
				B650AE411BDFFF3F00C8C851 /* MyViewController.swift */,
				B650AE421BDFFF3F00C8C851 /* MyPageViewController.swift */,
			);
			name = "Parent Controllers";
			sourceTree = "<group>";
		};
		B650AE4C1BE0068F00C8C851 /* Extensions */ = {
			isa = PBXGroup;
			children = (
				B650AE1E1BDFF66000C8C851 /* UIColor+Util.swift */,
				B650AE1F1BDFF66000C8C851 /* UIFont+Util.swift */,
				B650AE201BDFF66000C8C851 /* NSDate+Util.swift */,
				B650AE211BDFF66000C8C851 /* UIDevice+Util.swift */,
				B650AE221BDFF66000C8C851 /* Array+Util.swift */,
				B650AE231BDFF66000C8C851 /* Dictionary+Util.swift */,
				B650AE241BDFF66000C8C851 /* String+Util.swift */,
				B650AE251BDFF66000C8C851 /* UIImage+Util.swift */,
				B650AE261BDFF66000C8C851 /* UIViewController+Util.swift */,
				B650AE271BDFF66000C8C851 /* UIView+Util.swift */,
			);
			name = Extensions;
			sourceTree = "<group>";
		};
		B6CC801F1C9C9C61003C2350 /* Alert */ = {
			isa = PBXGroup;
			children = (
				B6CC80201C9C9C8E003C2350 /* MyAlertManager.swift */,
				B6CC80241C9C9D32003C2350 /* MyAlertController.storyboard */,
				B6CC80221C9C9D24003C2350 /* MyAlertController.swift */,
			);
			name = Alert;
			sourceTree = "<group>";
		};
/* End PBXGroup section */

/* Begin PBXNativeTarget section */
		B650ADD11BDFE2B500C8C851 /* iOSHelper */ = {
			isa = PBXNativeTarget;
			buildConfigurationList = B650ADFD1BDFE2B500C8C851 /* Build configuration list for PBXNativeTarget "iOSHelper" */;
			buildPhases = (
				B650ADCE1BDFE2B500C8C851 /* Sources */,
				B650ADCF1BDFE2B500C8C851 /* Frameworks */,
				B650ADD01BDFE2B500C8C851 /* Resources */,
			);
			buildRules = (
			);
			dependencies = (
			);
			name = iOSHelper;
			productName = iOSHelper;
			productReference = B650ADD21BDFE2B500C8C851 /* iOSHelper.app */;
			productType = "com.apple.product-type.application";
		};
/* End PBXNativeTarget section */

/* Begin PBXProject section */
		B650ADCA1BDFE2B500C8C851 /* Project object */ = {
			isa = PBXProject;
			attributes = {
				LastSwiftUpdateCheck = 0710;
				LastUpgradeCheck = 0710;
				ORGANIZATIONNAME = Kozinga;
				TargetAttributes = {
					B650ADD11BDFE2B500C8C851 = {
						CreatedOnToolsVersion = 7.1;
					};
				};
			};
			buildConfigurationList = B650ADCD1BDFE2B500C8C851 /* Build configuration list for PBXProject "iOSHelper" */;
			compatibilityVersion = "Xcode 3.2";
			developmentRegion = English;
			hasScannedForEncodings = 0;
			knownRegions = (
				en,
				Base,
			);
			mainGroup = B650ADC91BDFE2B500C8C851;
			productRefGroup = B650ADD31BDFE2B500C8C851 /* Products */;
			projectDirPath = "";
			projectRoot = "";
			targets = (
				B650ADD11BDFE2B500C8C851 /* iOSHelper */,
			);
		};
/* End PBXProject section */

/* Begin PBXResourcesBuildPhase section */
		B650ADD01BDFE2B500C8C851 /* Resources */ = {
			isa = PBXResourcesBuildPhase;
			buildActionMask = 2147483647;
			files = (
				B650ADE31BDFE2B500C8C851 /* LaunchScreen.storyboard in Resources */,
				B650AE1A1BDFF5EA00C8C851 /* MyCustomChooser.storyboard in Resources */,
				B650ADE01BDFE2B500C8C851 /* Assets.xcassets in Resources */,
				B6CC80251C9C9D32003C2350 /* MyAlertController.storyboard in Resources */,
				B650ADDB1BDFE2B500C8C851 /* Main.storyboard in Resources */,
			);
			runOnlyForDeploymentPostprocessing = 0;
		};
/* End PBXResourcesBuildPhase section */

/* Begin PBXSourcesBuildPhase section */
		B650ADCE1BDFE2B500C8C851 /* Sources */ = {
			isa = PBXSourcesBuildPhase;
			buildActionMask = 2147483647;
			files = (
				B650AE471BDFFF3F00C8C851 /* MyPageViewController.swift in Sources */,
				B650AE341BDFF6A100C8C851 /* CoreDataStack.swift in Sources */,
				B650AE281BDFF66000C8C851 /* UIColor+Util.swift in Sources */,
				B650ADDE1BDFE2B500C8C851 /* iOSHelper.xcdatamodeld in Sources */,
				B650AE391BDFFD2500C8C851 /* MainTableViewController.swift in Sources */,
				B650AE351BDFF6A100C8C851 /* MyManagedObject.swift in Sources */,
				B650AE2E1BDFF66000C8C851 /* String+Util.swift in Sources */,
				B650AE1B1BDFF5EA00C8C851 /* MyCustomChooserViewController.swift in Sources */,
				B6CC80211C9C9C8E003C2350 /* MyAlertManager.swift in Sources */,
				B650AE311BDFF66000C8C851 /* UIView+Util.swift in Sources */,
				B650AE301BDFF66000C8C851 /* UIViewController+Util.swift in Sources */,
				B650AE2C1BDFF66000C8C851 /* Array+Util.swift in Sources */,
				B650AE2A1BDFF66000C8C851 /* NSDate+Util.swift in Sources */,
				B650AE501BE0072500C8C851 /* UserSettings.swift in Sources */,
				B650AE291BDFF66000C8C851 /* UIFont+Util.swift in Sources */,
				B6E549A61BE7C62A006A413D /* SomeEntity.swift in Sources */,
				B650AE441BDFFF3F00C8C851 /* MyTabBarController.swift in Sources */,
				B650AE2B1BDFF66000C8C851 /* UIDevice+Util.swift in Sources */,
				B650AE1C1BDFF5EA00C8C851 /* MyCustomChooserTableViewController.swift in Sources */,
				B650AE451BDFFF3F00C8C851 /* MyTableViewController.swift in Sources */,
				B6CC80231C9C9D24003C2350 /* MyAlertController.swift in Sources */,
				B650AE3C1BDFFE1700C8C851 /* Notification.swift in Sources */,
				B650ADD61BDFE2B500C8C851 /* AppDelegate.swift in Sources */,
				B650AE3D1BDFFE1700C8C851 /* Util.swift in Sources */,
				B650AE431BDFFF3F00C8C851 /* MyNavigationController.swift in Sources */,
				B650AE2D1BDFF66000C8C851 /* Dictionary+Util.swift in Sources */,
				B650AE461BDFFF3F00C8C851 /* MyViewController.swift in Sources */,
				B650AE2F1BDFF66000C8C851 /* UIImage+Util.swift in Sources */,
			);
			runOnlyForDeploymentPostprocessing = 0;
		};
/* End PBXSourcesBuildPhase section */

/* Begin PBXVariantGroup section */
		B650ADD91BDFE2B500C8C851 /* Main.storyboard */ = {
			isa = PBXVariantGroup;
			children = (
				B650ADDA1BDFE2B500C8C851 /* Base */,
			);
			name = Main.storyboard;
			sourceTree = "<group>";
		};
		B650ADE11BDFE2B500C8C851 /* LaunchScreen.storyboard */ = {
			isa = PBXVariantGroup;
			children = (
				B650ADE21BDFE2B500C8C851 /* Base */,
			);
			name = LaunchScreen.storyboard;
			sourceTree = "<group>";
		};
/* End PBXVariantGroup section */

/* Begin XCBuildConfiguration section */
		B650ADFB1BDFE2B500C8C851 /* Debug */ = {
			isa = XCBuildConfiguration;
			buildSettings = {
				ALWAYS_SEARCH_USER_PATHS = NO;
				CLANG_CXX_LANGUAGE_STANDARD = "gnu++0x";
				CLANG_CXX_LIBRARY = "libc++";
				CLANG_ENABLE_MODULES = YES;
				CLANG_ENABLE_OBJC_ARC = YES;
				CLANG_WARN_BOOL_CONVERSION = YES;
				CLANG_WARN_CONSTANT_CONVERSION = YES;
				CLANG_WARN_DIRECT_OBJC_ISA_USAGE = YES_ERROR;
				CLANG_WARN_EMPTY_BODY = YES;
				CLANG_WARN_ENUM_CONVERSION = YES;
				CLANG_WARN_INT_CONVERSION = YES;
				CLANG_WARN_OBJC_ROOT_CLASS = YES_ERROR;
				CLANG_WARN_UNREACHABLE_CODE = YES;
				CLANG_WARN__DUPLICATE_METHOD_MATCH = YES;
				"CODE_SIGN_IDENTITY[sdk=iphoneos*]" = "iPhone Developer";
				COPY_PHASE_STRIP = NO;
				DEBUG_INFORMATION_FORMAT = dwarf;
				ENABLE_STRICT_OBJC_MSGSEND = YES;
				ENABLE_TESTABILITY = YES;
				GCC_C_LANGUAGE_STANDARD = gnu99;
				GCC_DYNAMIC_NO_PIC = NO;
				GCC_NO_COMMON_BLOCKS = YES;
				GCC_OPTIMIZATION_LEVEL = 0;
				GCC_PREPROCESSOR_DEFINITIONS = (
					"DEBUG=1",
					"$(inherited)",
				);
				GCC_WARN_64_TO_32_BIT_CONVERSION = YES;
				GCC_WARN_ABOUT_RETURN_TYPE = YES_ERROR;
				GCC_WARN_UNDECLARED_SELECTOR = YES;
				GCC_WARN_UNINITIALIZED_AUTOS = YES_AGGRESSIVE;
				GCC_WARN_UNUSED_FUNCTION = YES;
				GCC_WARN_UNUSED_VARIABLE = YES;
				IPHONEOS_DEPLOYMENT_TARGET = 9.1;
				MTL_ENABLE_DEBUG_INFO = YES;
				ONLY_ACTIVE_ARCH = YES;
				SDKROOT = iphoneos;
				SWIFT_OPTIMIZATION_LEVEL = "-Onone";
				TARGETED_DEVICE_FAMILY = "1,2";
			};
			name = Debug;
		};
		B650ADFC1BDFE2B500C8C851 /* Release */ = {
			isa = XCBuildConfiguration;
			buildSettings = {
				ALWAYS_SEARCH_USER_PATHS = NO;
				CLANG_CXX_LANGUAGE_STANDARD = "gnu++0x";
				CLANG_CXX_LIBRARY = "libc++";
				CLANG_ENABLE_MODULES = YES;
				CLANG_ENABLE_OBJC_ARC = YES;
				CLANG_WARN_BOOL_CONVERSION = YES;
				CLANG_WARN_CONSTANT_CONVERSION = YES;
				CLANG_WARN_DIRECT_OBJC_ISA_USAGE = YES_ERROR;
				CLANG_WARN_EMPTY_BODY = YES;
				CLANG_WARN_ENUM_CONVERSION = YES;
				CLANG_WARN_INT_CONVERSION = YES;
				CLANG_WARN_OBJC_ROOT_CLASS = YES_ERROR;
				CLANG_WARN_UNREACHABLE_CODE = YES;
				CLANG_WARN__DUPLICATE_METHOD_MATCH = YES;
				"CODE_SIGN_IDENTITY[sdk=iphoneos*]" = "iPhone Developer";
				COPY_PHASE_STRIP = NO;
				DEBUG_INFORMATION_FORMAT = "dwarf-with-dsym";
				ENABLE_NS_ASSERTIONS = NO;
				ENABLE_STRICT_OBJC_MSGSEND = YES;
				GCC_C_LANGUAGE_STANDARD = gnu99;
				GCC_NO_COMMON_BLOCKS = YES;
				GCC_WARN_64_TO_32_BIT_CONVERSION = YES;
				GCC_WARN_ABOUT_RETURN_TYPE = YES_ERROR;
				GCC_WARN_UNDECLARED_SELECTOR = YES;
				GCC_WARN_UNINITIALIZED_AUTOS = YES_AGGRESSIVE;
				GCC_WARN_UNUSED_FUNCTION = YES;
				GCC_WARN_UNUSED_VARIABLE = YES;
				IPHONEOS_DEPLOYMENT_TARGET = 9.1;
				MTL_ENABLE_DEBUG_INFO = NO;
				SDKROOT = iphoneos;
				TARGETED_DEVICE_FAMILY = "1,2";
				VALIDATE_PRODUCT = YES;
			};
			name = Release;
		};
		B650ADFE1BDFE2B500C8C851 /* Debug */ = {
			isa = XCBuildConfiguration;
			buildSettings = {
				ASSETCATALOG_COMPILER_APPICON_NAME = AppIcon;
				INFOPLIST_FILE = iOSHelper/Info.plist;
				LD_RUNPATH_SEARCH_PATHS = "$(inherited) @executable_path/Frameworks";
				PRODUCT_BUNDLE_IDENTIFIER = com.kozinga.iOSHelper;
				PRODUCT_NAME = "$(TARGET_NAME)";
			};
			name = Debug;
		};
		B650ADFF1BDFE2B500C8C851 /* Release */ = {
			isa = XCBuildConfiguration;
			buildSettings = {
				ASSETCATALOG_COMPILER_APPICON_NAME = AppIcon;
				INFOPLIST_FILE = iOSHelper/Info.plist;
				LD_RUNPATH_SEARCH_PATHS = "$(inherited) @executable_path/Frameworks";
				PRODUCT_BUNDLE_IDENTIFIER = com.kozinga.iOSHelper;
				PRODUCT_NAME = "$(TARGET_NAME)";
			};
			name = Release;
		};
/* End XCBuildConfiguration section */

/* Begin XCConfigurationList section */
		B650ADCD1BDFE2B500C8C851 /* Build configuration list for PBXProject "iOSHelper" */ = {
			isa = XCConfigurationList;
			buildConfigurations = (
				B650ADFB1BDFE2B500C8C851 /* Debug */,
				B650ADFC1BDFE2B500C8C851 /* Release */,
			);
			defaultConfigurationIsVisible = 0;
			defaultConfigurationName = Release;
		};
		B650ADFD1BDFE2B500C8C851 /* Build configuration list for PBXNativeTarget "iOSHelper" */ = {
			isa = XCConfigurationList;
			buildConfigurations = (
				B650ADFE1BDFE2B500C8C851 /* Debug */,
				B650ADFF1BDFE2B500C8C851 /* Release */,
			);
			defaultConfigurationIsVisible = 0;
			defaultConfigurationName = Release;
		};
/* End XCConfigurationList section */

/* Begin XCVersionGroup section */
		B650ADDC1BDFE2B500C8C851 /* iOSHelper.xcdatamodeld */ = {
			isa = XCVersionGroup;
			children = (
				B699B1C51C5AD2BF00782513 /* iOSHelper 3.xcdatamodel */,
				B652BA901C58180800F8AF74 /* iOSHelper 2.xcdatamodel */,
				B650ADDD1BDFE2B500C8C851 /* iOSHelper.xcdatamodel */,
			);
			currentVersion = B699B1C51C5AD2BF00782513 /* iOSHelper 3.xcdatamodel */;
			path = iOSHelper.xcdatamodeld;
			sourceTree = "<group>";
			versionGroupType = wrapper.xcdatamodel;
		};
/* End XCVersionGroup section */
	};
	rootObject = B650ADCA1BDFE2B500C8C851 /* Project object */;
}
